
Microsoft Visual Studio Solution File, Format Version 12.00
# Visual Studio Version 17
VisualStudioVersion = 17.0.31919.166
MinimumVisualStudioVersion = 10.0.40219.1
Project("{FAE04EC0-301F-11D3-BF4B-00C04F79EFBC}") = "Car showroom", "Car showroom\Car showroom.csproj", "{221B0278-2BC8-47B0-B077-F14F11B21019}"
EndProject
Global
	GlobalSection(SolutionConfigurationPlatforms) = preSolution
		Debug|Any CPU = Debug|Any CPU
		Release|Any CPU = Release|Any CPU
	EndGlobalSection
	GlobalSection(ProjectConfigurationPlatforms) = postSolution
		{221B0278-2BC8-47B0-B077-F14F11B21019}.Debug|Any CPU.ActiveCfg = Debug|Any CPU
		{221B0278-2BC8-47B0-B077-F14F11B21019}.Debug|Any CPU.Build.0 = Debug|Any CPU
		{221B0278-2BC8-47B0-B077-F14F11B21019}.Release|Any CPU.ActiveCfg = Release|Any CPU
		{221B0278-2BC8-47B0-B077-F14F11B21019}.Release|Any CPU.Build.0 = Release|Any CPU
	EndGlobalSection
	GlobalSection(SolutionProperties) = preSolution
		HideSolutionNode = FALSE
	EndGlobalSection
	GlobalSection(ExtensibilityGlobals) = postSolution
		SolutionGuid = {ACA95C06-6AB5-4645-90EA-E1096A8C2AE1}
	EndGlobalSection
EndGlobal
